<?xml version="1.0" encoding="utf-8"?>
<Project ToolsVersion="4.0" xmlns="http://schemas.microsoft.com/developer/msbuild/2003">
  <ItemGroup>
    <Filter Include="Source Files">
      <UniqueIdentifier>{4FC737F1-C7A5-4376-A066-2A32D752A2FF}</UniqueIdentifier>
      <Extensions>cpp;c;cc;cxx;def;odl;idl;hpj;bat;asm;asmx</Extensions>
    </Filter>
    <Filter Include="Header Files">
      <UniqueIdentifier>{93995380-89BD-4b04-88EB-625FBE52EBFB}</UniqueIdentifier>
      <Extensions>h;hh;hpp;hxx;hm;inl;inc;ipp;xsd</Extensions>
    </Filter>
    <Filter Include="Resource Files">
      <UniqueIdentifier>{67DA6AB6-F800-4c08-8B7A-83BB121AAD01}</UniqueIdentifier>
      <Extensions>rc;ico;cur;bmp;dlg;rc2;rct;bin;rgs;gif;jpg;jpeg;jpe;resx;tiff;tif;png;wav;mfcribbon-ms</Extensions>
    </Filter>
    <Filter Include="Header Files\common">
      <UniqueIdentifier>{8cc7e06b-4044-4a4a-8a2f-a2684e3a0611}</UniqueIdentifier>
    </Filter>
    <Filter Include="Source Files\common">
      <UniqueIdentifier>{02a319ee-53c6-4d35-bdba-62fe2407dcce}</UniqueIdentifier>
    </Filter>
  </ItemGroup>
  <ItemGroup>
    <ClInclude Include="IMsvActiveConfig.h">
      <Filter>Header Files</Filter>
    </ClInclude>
    <ClInclude Include="MsvActiveConfig.h">
      <Filter>Header Files</Filter>
    </ClInclude>
    <ClInclude Include="MsvActiveConfig_Factory.h">
      <Filter>Header Files</Filter>
    </ClInclude>
    <ClInclude Include="..\common\IMsvConfigKey.h">
      <Filter>Header Files\common</Filter>
    </ClInclude>
    <ClInclude Include="..\common\IMsvConfigKeyMap.h">
      <Filter>Header Files\common</Filter>
    </ClInclude>
    <ClInclude Include="..\common\MsvConfigKey.h">
      <Filter>Header Files\common</Filter>
    </ClInclude>
    <ClInclude Include="..\common\MsvConfigKeyMapBase.h">
      <Filter>Header Files\common</Filter>
    </ClInclude>
    <ClInclude Include="IMsvActiveConfigStorage.h">
      <Filter>Header Files</Filter>
    </ClInclude>
    <ClInclude Include="MsvActiveConfigStorage.h">
      <Filter>Header Files</Filter>
    </ClInclude>
    <ClInclude Include="MsvActiveConfigStorage_Factory.h">
      <Filter>Header Files</Filter>
    </ClInclude>
    <ClInclude Include="..\common\IMsvDefaultValue.h">
      <Filter>Header Files\common</Filter>
    </ClInclude>
    <ClInclude Include="..\common\MsvDefaultValue.h">
      <Filter>Header Files\common</Filter>
    </ClInclude>
    <ClInclude Include="IMsvActiveConfigStorageCallback.h">
      <Filter>Header Files</Filter>
    </ClInclude>
    <ClInclude Include="IMsvActiveConfigCallback.h">
      <Filter>Header Files</Filter>
    </ClInclude>
  </ItemGroup>
  <ItemGroup>
    <ClCompile Include="MsvActiveConfig.cpp">
      <Filter>Source Files</Filter>
    </ClCompile>
    <ClCompile Include="..\common\MsvConfigKey.cpp">
      <Filter>Source Files\common</Filter>
    </ClCompile>
    <ClCompile Include="MsvActiveConfigStorage.cpp">
      <Filter>Source Files</Filter>
    </ClCompile>
    <ClCompile Include="..\common\MsvDefaultValue.cpp">
      <Filter>Source Files\common</Filter>
    </ClCompile>
  </ItemGroup>
</Project>